
Microsoft Visual Studio Solution File, Format Version 12.00
# Visual Studio 14
VisualStudioVersion = 14.0.25420.1
MinimumVisualStudioVersion = 10.0.40219.1
Project("{F14B399A-7131-4C87-9E4B-1186C45EF12D}") = "ReporteMayoristas", "ReporteMayoristas\ReporteMayoristas.rptproj", "{03D4770D-A7B2-49CB-B681-241AFB658A2F}"
EndProject
Global
	GlobalSection(SolutionConfigurationPlatforms) = preSolution
		Debug|Default = Debug|Default
		DebugLocal|Default = DebugLocal|Default
		Release|Default = Release|Default
	EndGlobalSection
	GlobalSection(ProjectConfigurationPlatforms) = postSolution
		{03D4770D-A7B2-49CB-B681-241AFB658A2F}.Debug|Default.ActiveCfg = Debug
		{03D4770D-A7B2-49CB-B681-241AFB658A2F}.Debug|Default.Build.0 = Debug
		{03D4770D-A7B2-49CB-B681-241AFB658A2F}.Debug|Default.Deploy.0 = Debug
		{03D4770D-A7B2-49CB-B681-241AFB658A2F}.DebugLocal|Default.ActiveCfg = DebugLocal
		{03D4770D-A7B2-49CB-B681-241AFB658A2F}.DebugLocal|Default.Build.0 = DebugLocal
		{03D4770D-A7B2-49CB-B681-241AFB658A2F}.Release|Default.ActiveCfg = Release
		{03D4770D-A7B2-49CB-B681-241AFB658A2F}.Release|Default.Build.0 = Release
		{03D4770D-A7B2-49CB-B681-241AFB658A2F}.Release|Default.Deploy.0 = Release
	EndGlobalSection
	GlobalSection(SolutionProperties) = preSolution
		HideSolutionNode = FALSE
	EndGlobalSection
EndGlobal
